
Microsoft Visual Studio Solution File, Format Version 12.00
# Visual Studio Version 17
VisualStudioVersion = 17.3.32819.101
MinimumVisualStudioVersion = 10.0.40219.1
Project("{FAE04EC0-301F-11D3-BF4B-00C04F79EFBC}") = "Test_lister", "Test_lister\Test_lister.csproj", "{47651E92-928D-488F-8DC5-9C5C4258A556}"
EndProject
Global
	GlobalSection(SolutionConfigurationPlatforms) = preSolution
		Debug|Any CPU = Debug|Any CPU
		Release|Any CPU = Release|Any CPU
	EndGlobalSection
	GlobalSection(ProjectConfigurationPlatforms) = postSolution
		{47651E92-928D-488F-8DC5-9C5C4258A556}.Debug|Any CPU.ActiveCfg = Debug|Any CPU
		{47651E92-928D-488F-8DC5-9C5C4258A556}.Debug|Any CPU.Build.0 = Debug|Any CPU
		{47651E92-928D-488F-8DC5-9C5C4258A556}.Release|Any CPU.ActiveCfg = Release|Any CPU
		{47651E92-928D-488F-8DC5-9C5C4258A556}.Release|Any CPU.Build.0 = Release|Any CPU
	EndGlobalSection
	GlobalSection(SolutionProperties) = preSolution
		HideSolutionNode = FALSE
	EndGlobalSection
	GlobalSection(ExtensibilityGlobals) = postSolution
		SolutionGuid = {DB8F3A4C-B656-4AF9-9306-A9F77B79F4D4}
	EndGlobalSection
EndGlobal
