
Microsoft Visual Studio Solution File, Format Version 12.00
# Visual Studio Version 17
VisualStudioVersion = 17.3.32819.101
MinimumVisualStudioVersion = 10.0.40219.1
Project("{FAE04EC0-301F-11D3-BF4B-00C04F79EFBC}") = "Miner", "Miner\Miner.csproj", "{01BF7A3B-6E04-442A-B1F1-DE22F7FF8EC5}"
EndProject
Global
	GlobalSection(SolutionConfigurationPlatforms) = preSolution
		Debug|Any CPU = Debug|Any CPU
		Release|Any CPU = Release|Any CPU
	EndGlobalSection
	GlobalSection(ProjectConfigurationPlatforms) = postSolution
		{01BF7A3B-6E04-442A-B1F1-DE22F7FF8EC5}.Debug|Any CPU.ActiveCfg = Debug|Any CPU
		{01BF7A3B-6E04-442A-B1F1-DE22F7FF8EC5}.Debug|Any CPU.Build.0 = Debug|Any CPU
		{01BF7A3B-6E04-442A-B1F1-DE22F7FF8EC5}.Release|Any CPU.ActiveCfg = Release|Any CPU
		{01BF7A3B-6E04-442A-B1F1-DE22F7FF8EC5}.Release|Any CPU.Build.0 = Release|Any CPU
	EndGlobalSection
	GlobalSection(SolutionProperties) = preSolution
		HideSolutionNode = FALSE
	EndGlobalSection
	GlobalSection(ExtensibilityGlobals) = postSolution
		SolutionGuid = {EEB8BF99-BCD4-4E12-976C-F04F71084D02}
	EndGlobalSection
EndGlobal
